
Microsoft Visual Studio Solution File, Format Version 12.00
# Visual Studio Version 17
VisualStudioVersion = 17.10.34607.79
MinimumVisualStudioVersion = 10.0.40219.1
Project("{FAE04EC0-301F-11D3-BF4B-00C04F79EFBC}") = "Делегаты, события, LINQ", "Делегаты, события, LINQ\Делегаты, события, LINQ.csproj", "{50509558-C3CB-4936-B7A7-D4E5FB3C8BD4}"
EndProject
Global
	GlobalSection(SolutionConfigurationPlatforms) = preSolution
		Debug|Any CPU = Debug|Any CPU
		Release|Any CPU = Release|Any CPU
	EndGlobalSection
	GlobalSection(ProjectConfigurationPlatforms) = postSolution
		{50509558-C3CB-4936-B7A7-D4E5FB3C8BD4}.Debug|Any CPU.ActiveCfg = Debug|Any CPU
		{50509558-C3CB-4936-B7A7-D4E5FB3C8BD4}.Debug|Any CPU.Build.0 = Debug|Any CPU
		{50509558-C3CB-4936-B7A7-D4E5FB3C8BD4}.Release|Any CPU.ActiveCfg = Release|Any CPU
		{50509558-C3CB-4936-B7A7-D4E5FB3C8BD4}.Release|Any CPU.Build.0 = Release|Any CPU
	EndGlobalSection
	GlobalSection(SolutionProperties) = preSolution
		HideSolutionNode = FALSE
	EndGlobalSection
	GlobalSection(ExtensibilityGlobals) = postSolution
		SolutionGuid = {1B67D489-6A6A-485D-B04A-796F61F7F60D}
	EndGlobalSection
EndGlobal
